PODS:
  - appcenter-analytics (5.0.1):
    - AppCenter/Analytics (~> 5.0)
    - AppCenterReactNativeShared (~> 5.0)
    - React-Core
  - appcenter-core (5.0.1):
    - AppCenterReactNativeShared (~> 5.0)
    - React-Core
  - appcenter-crashes (5.0.1):
    - AppCenter/Crashes (~> 5.0)
    - AppCenterReactNativeShared (~> 5.0)
    - React-Core
  - AppCenter/Analytics (5.0.4):
    - AppCenter/Core
  - AppCenter/Core (5.0.4)
  - AppCenter/Crashes (5.0.4):
    - AppCenter/Core
  - AppCenterReactNativeShared (5.0.1):
    - AppCenter/Core (= 5.0.4)
  - Base64 (1.1.2)
  - boost (1.76.0)
  - CodePush (8.3.0):
    - Base64 (~> 1.1)
    - JWT (~> 3.0.0-beta.12)
    - React-Core
    - SSZipArchive (~> 2.2.2)
  - DoubleConversion (1.1.6)
  - FBLazyVector (0.72.15)
  - FBReactNativeSpec (0.72.15):
    - RCT-Folly (= 2021.07.22.00)
    - RCTRequired (= 0.72.15)
    - RCTTypeSafety (= 0.72.15)
    - React-Core (= 0.72.15)
    - React-jsi (= 0.72.15)
    - ReactCommon/turbomodule/core (= 0.72.15)
  - Firebase/Analytics (10.20.0):
    - Firebase/Core
  - Firebase/Core (10.20.0):
    - Firebase/CoreOnly
    - FirebaseAnalytics (~> 10.20.0)
  - Firebase/CoreOnly (10.20.0):
    - FirebaseCore (= 10.20.0)
  - Firebase/Messaging (10.20.0):
    - Firebase/CoreOnly
    - FirebaseMessaging (~> 10.20.0)
  - FirebaseAnalytics (10.20.0):
    - FirebaseAnalytics/AdIdSupport (= 10.20.0)
    - FirebaseCore (~> 10.0)
    - FirebaseInstallations (~> 10.0)
    - GoogleUtilities/AppDelegateSwizzler (~> 7.11)
    - GoogleUtilities/MethodSwizzler (~> 7.11)
    - GoogleUtilities/Network (~> 7.11)
    - "GoogleUtilities/NSData+zlib (~> 7.11)"
    - nanopb (< 2.30910.0, >= 2.30908.0)
  - FirebaseAnalytics/AdIdSupport (10.20.0):
    - FirebaseCore (~> 10.0)
    - FirebaseInstallations (~> 10.0)
    - GoogleAppMeasurement (= 10.20.0)
    - GoogleUtilities/AppDelegateSwizzler (~> 7.11)
    - GoogleUtilities/MethodSwizzler (~> 7.11)
    - GoogleUtilities/Network (~> 7.11)
    - "GoogleUtilities/NSData+zlib (~> 7.11)"
    - nanopb (< 2.30910.0, >= 2.30908.0)
  - FirebaseCore (10.20.0):
    - FirebaseCoreInternal (~> 10.0)
    - GoogleUtilities/Environment (~> 7.12)
    - GoogleUtilities/Logger (~> 7.12)
  - FirebaseCoreExtension (10.20.0):
    - FirebaseCore (~> 10.0)
  - FirebaseCoreInternal (10.28.0):
    - "GoogleUtilities/NSData+zlib (~> 7.8)"
  - FirebaseInstallations (10.28.0):
    - FirebaseCore (~> 10.0)
    - GoogleUtilities/Environment (~> 7.8)
    - GoogleUtilities/UserDefaults (~> 7.8)
    - PromisesObjC (~> 2.1)
  - FirebaseMessaging (10.20.0):
    - FirebaseCore (~> 10.0)
    - FirebaseInstallations (~> 10.0)
    - GoogleDataTransport (~> 9.3)
    - GoogleUtilities/AppDelegateSwizzler (~> 7.8)
    - GoogleUtilities/Environment (~> 7.8)
    - GoogleUtilities/Reachability (~> 7.8)
    - GoogleUtilities/UserDefaults (~> 7.8)
    - nanopb (< 2.30910.0, >= 2.30908.0)
  - fmt (6.2.1)
  - glog (0.3.5)
  - GoogleAppMeasurement (10.20.0):
    - GoogleAppMeasurement/AdIdSupport (= 10.20.0)
    - GoogleUtilities/AppDelegateSwizzler (~> 7.11)
    - GoogleUtilities/MethodSwizzler (~> 7.11)
    - GoogleUtilities/Network (~> 7.11)
    - "GoogleUtilities/NSData+zlib (~> 7.11)"
    - nanopb (< 2.30910.0, >= 2.30908.0)
  - GoogleAppMeasurement/AdIdSupport (10.20.0):
    - GoogleAppMeasurement/WithoutAdIdSupport (= 10.20.0)
    - GoogleUtilities/AppDelegateSwizzler (~> 7.11)
    - GoogleUtilities/MethodSwizzler (~> 7.11)
    - GoogleUtilities/Network (~> 7.11)
    - "GoogleUtilities/NSData+zlib (~> 7.11)"
    - nanopb (< 2.30910.0, >= 2.30908.0)
  - GoogleAppMeasurement/WithoutAdIdSupport (10.20.0):
    - GoogleUtilities/AppDelegateSwizzler (~> 7.11)
    - GoogleUtilities/MethodSwizzler (~> 7.11)
    - GoogleUtilities/Network (~> 7.11)
    - "GoogleUtilities/NSData+zlib (~> 7.11)"
    - nanopb (< 2.30910.0, >= 2.30908.0)
  - GoogleDataTransport (9.4.1):
    - GoogleUtilities/Environment (~> 7.7)
    - nanopb (< 2.30911.0, >= 2.30908.0)
    - PromisesObjC (< 3.0, >= 1.2)
  - GoogleUtilities/AppDelegateSwizzler (7.13.3):
    - GoogleUtilities/Environment
    - GoogleUtilities/Logger
    - GoogleUtilities/Network
    - GoogleUtilities/Privacy
  - GoogleUtilities/Environment (7.13.3):
    - GoogleUtilities/Privacy
    - PromisesObjC (< 3.0, >= 1.2)
  - GoogleUtilities/Logger (7.13.3):
    - GoogleUtilities/Environment
    - GoogleUtilities/Privacy
  - GoogleUtilities/MethodSwizzler (7.13.3):
    - GoogleUtilities/Logger
    - GoogleUtilities/Privacy
  - GoogleUtilities/Network (7.13.3):
    - GoogleUtilities/Logger
    - "GoogleUtilities/NSData+zlib"
    - GoogleUtilities/Privacy
    - GoogleUtilities/Reachability
  - "GoogleUtilities/NSData+zlib (7.13.3)":
    - GoogleUtilities/Privacy
  - GoogleUtilities/Privacy (7.13.3)
  - GoogleUtilities/Reachability (7.13.3):
    - GoogleUtilities/Logger
    - GoogleUtilities/Privacy
  - GoogleUtilities/UserDefaults (7.13.3):
    - GoogleUtilities/Logger
    - GoogleUtilities/Privacy
  - hermes-engine (0.72.15):
    - hermes-engine/Pre-built (= 0.72.15)
  - hermes-engine/Pre-built (0.72.15)
  - JWT (3.0.0-beta.14):
    - Base64 (~> 1.1.2)
  - libevent (2.1.12)
  - nanopb (2.30909.1):
    - nanopb/decode (= 2.30909.1)
    - nanopb/encode (= 2.30909.1)
  - nanopb/decode (2.30909.1)
  - nanopb/encode (2.30909.1)
  - PromisesObjC (2.4.0)
  - RCT-Folly (2021.07.22.00):
    - boost
    - DoubleConversion
    - fmt (~> 6.2.1)
    - glog
    - RCT-Folly/Default (= 2021.07.22.00)
  - RCT-Folly/Default (2021.07.22.00):
    - boost
    - DoubleConversion
    - fmt (~> 6.2.1)
    - glog
  - RCT-Folly/Futures (2021.07.22.00):
    - boost
    - DoubleConversion
    - fmt (~> 6.2.1)
    - glog
    - libevent
  - RCTRequired (0.72.15)
  - RCTTypeSafety (0.72.15):
    - FBLazyVector (= 0.72.15)
    - RCTRequired (= 0.72.15)
    - React-Core (= 0.72.15)
  - React (0.72.15):
    - React-Core (= 0.72.15)
    - React-Core/DevSupport (= 0.72.15)
    - React-Core/RCTWebSocket (= 0.72.15)
    - React-RCTActionSheet (= 0.72.15)
    - React-RCTAnimation (= 0.72.15)
    - React-RCTBlob (= 0.72.15)
    - React-RCTImage (= 0.72.15)
    - React-RCTLinking (= 0.72.15)
    - React-RCTNetwork (= 0.72.15)
    - React-RCTSettings (= 0.72.15)
    - React-RCTText (= 0.72.15)
    - React-RCTVibration (= 0.72.15)
  - React-callinvoker (0.72.15)
  - React-Codegen (0.72.15):
    - DoubleConversion
    - FBReactNativeSpec
    - glog
    - hermes-engine
    - RCT-Folly
    - RCTRequired
    - RCTTypeSafety
    - React-Core
    - React-jsi
    - React-jsiexecutor
    - React-NativeModulesApple
    - React-rncore
    - ReactCommon/turbomodule/bridging
    - ReactCommon/turbomodule/core
  - React-Core (0.72.15):
    - glog
    - hermes-engine
    - RCT-Folly (= 2021.07.22.00)
    - React-Core/Default (= 0.72.15)
    - React-cxxreact
    - React-hermes
    - React-jsi
    - React-jsiexecutor
    - React-perflogger
    - React-runtimeexecutor
    - React-utils
    - SocketRocket (= 0.6.1)
    - Yoga
  - React-Core/CoreModulesHeaders (0.72.15):
    - glog
    - hermes-engine
    - RCT-Folly (= 2021.07.22.00)
    - React-Core/Default
    - React-cxxreact
    - React-hermes
    - React-jsi
    - React-jsiexecutor
    - React-perflogger
    - React-runtimeexecutor
    - React-utils
    - SocketRocket (= 0.6.1)
    - Yoga
  - React-Core/Default (0.72.15):
    - glog
    - hermes-engine
    - RCT-Folly (= 2021.07.22.00)
    - React-cxxreact
    - React-hermes
    - React-jsi
    - React-jsiexecutor
    - React-perflogger
    - React-runtimeexecutor
    - React-utils
    - SocketRocket (= 0.6.1)
    - Yoga
  - React-Core/DevSupport (0.72.15):
    - glog
    - hermes-engine
    - RCT-Folly (= 2021.07.22.00)
    - React-Core/Default (= 0.72.15)
    - React-Core/RCTWebSocket (= 0.72.15)
    - React-cxxreact
    - React-hermes
    - React-jsi
    - React-jsiexecutor
    - React-jsinspector (= 0.72.15)
    - React-perflogger
    - React-runtimeexecutor
    - React-utils
    - SocketRocket (= 0.6.1)
    - Yoga
  - React-Core/RCTActionSheetHeaders (0.72.15):
    - glog
    - hermes-engine
    - RCT-Folly (= 2021.07.22.00)
    - React-Core/Default
    - React-cxxreact
    - React-hermes
    - React-jsi
    - React-jsiexecutor
    - React-perflogger
    - React-runtimeexecutor
    - React-utils
    - SocketRocket (= 0.6.1)
    - Yoga
  - React-Core/RCTAnimationHeaders (0.72.15):
    - glog
    - hermes-engine
    - RCT-Folly (= 2021.07.22.00)
    - React-Core/Default
    - React-cxxreact
    - React-hermes
    - React-jsi
    - React-jsiexecutor
    - React-perflogger
    - React-runtimeexecutor
    - React-utils
    - SocketRocket (= 0.6.1)
    - Yoga
  - React-Core/RCTBlobHeaders (0.72.15):
    - glog
    - hermes-engine
    - RCT-Folly (= 2021.07.22.00)
    - React-Core/Default
    - React-cxxreact
    - React-hermes
    - React-jsi
    - React-jsiexecutor
    - React-perflogger
    - React-runtimeexecutor
    - React-utils
    - SocketRocket (= 0.6.1)
    - Yoga
  - React-Core/RCTImageHeaders (0.72.15):
    - glog
    - hermes-engine
    - RCT-Folly (= 2021.07.22.00)
    - React-Core/Default
    - React-cxxreact
    - React-hermes
    - React-jsi
    - React-jsiexecutor
    - React-perflogger
    - React-runtimeexecutor
    - React-utils
    - SocketRocket (= 0.6.1)
    - Yoga
  - React-Core/RCTLinkingHeaders (0.72.15):
    - glog
    - hermes-engine
    - RCT-Folly (= 2021.07.22.00)
    - React-Core/Default
    - React-cxxreact
    - React-hermes
    - React-jsi
    - React-jsiexecutor
    - React-perflogger
    - React-runtimeexecutor
    - React-utils
    - SocketRocket (= 0.6.1)
    - Yoga
  - React-Core/RCTNetworkHeaders (0.72.15):
    - glog
    - hermes-engine
    - RCT-Folly (= 2021.07.22.00)
    - React-Core/Default
    - React-cxxreact
    - React-hermes
    - React-jsi
    - React-jsiexecutor
    - React-perflogger
    - React-runtimeexecutor
    - React-utils
    - SocketRocket (= 0.6.1)
    - Yoga
  - React-Core/RCTSettingsHeaders (0.72.15):
    - glog
    - hermes-engine
    - RCT-Folly (= 2021.07.22.00)
    - React-Core/Default
    - React-cxxreact
    - React-hermes
    - React-jsi
    - React-jsiexecutor
    - React-perflogger
    - React-runtimeexecutor
    - React-utils
    - SocketRocket (= 0.6.1)
    - Yoga
  - React-Core/RCTTextHeaders (0.72.15):
    - glog
    - hermes-engine
    - RCT-Folly (= 2021.07.22.00)
    - React-Core/Default
    - React-cxxreact
    - React-hermes
    - React-jsi
    - React-jsiexecutor
    - React-perflogger
    - React-runtimeexecutor
    - React-utils
    - SocketRocket (= 0.6.1)
    - Yoga
  - React-Core/RCTVibrationHeaders (0.72.15):
    - glog
    - hermes-engine
    - RCT-Folly (= 2021.07.22.00)
    - React-Core/Default
    - React-cxxreact
    - React-hermes
    - React-jsi
    - React-jsiexecutor
    - React-perflogger
    - React-runtimeexecutor
    - React-utils
    - SocketRocket (= 0.6.1)
    - Yoga
  - React-Core/RCTWebSocket (0.72.15):
    - glog
    - hermes-engine
    - RCT-Folly (= 2021.07.22.00)
    - React-Core/Default (= 0.72.15)
    - React-cxxreact
    - React-hermes
    - React-jsi
    - React-jsiexecutor
    - React-perflogger
    - React-runtimeexecutor
    - React-utils
    - SocketRocket (= 0.6.1)
    - Yoga
  - React-CoreModules (0.72.15):
    - RCT-Folly (= 2021.07.22.00)
    - RCTTypeSafety (= 0.72.15)
    - React-Codegen (= 0.72.15)
    - React-Core/CoreModulesHeaders (= 0.72.15)
    - React-jsi (= 0.72.15)
    - React-RCTBlob
    - React-RCTImage (= 0.72.15)
    - ReactCommon/turbomodule/core (= 0.72.15)
    - SocketRocket (= 0.6.1)
  - React-cxxreact (0.72.15):
    - boost (= 1.76.0)
    - DoubleConversion
    - glog
    - hermes-engine
    - RCT-Folly (= 2021.07.22.00)
    - React-callinvoker (= 0.72.15)
    - React-debug (= 0.72.15)
    - React-jsi (= 0.72.15)
    - React-jsinspector (= 0.72.15)
    - React-logger (= 0.72.15)
    - React-perflogger (= 0.72.15)
    - React-runtimeexecutor (= 0.72.15)
  - React-debug (0.72.15)
  - React-hermes (0.72.15):
    - DoubleConversion
    - glog
    - hermes-engine
    - RCT-Folly (= 2021.07.22.00)
    - RCT-Folly/Futures (= 2021.07.22.00)
    - React-cxxreact (= 0.72.15)
    - React-jsi
    - React-jsiexecutor (= 0.72.15)
    - React-jsinspector (= 0.72.15)
    - React-perflogger (= 0.72.15)
  - React-jsi (0.72.15):
    - boost (= 1.76.0)
    - DoubleConversion
    - glog
    - hermes-engine
    - RCT-Folly (= 2021.07.22.00)
  - React-jsiexecutor (0.72.15):
    - DoubleConversion
    - glog
    - hermes-engine
    - RCT-Folly (= 2021.07.22.00)
    - React-cxxreact (= 0.72.15)
    - React-jsi (= 0.72.15)
    - React-perflogger (= 0.72.15)
  - React-jsinspector (0.72.15)
  - React-logger (0.72.15):
    - glog
  - react-native-pager-view (6.3.3):
    - RCT-Folly (= 2021.07.22.00)
    - React-Core
  - react-native-restart (0.0.27):
    - React-Core
  - react-native-safari-view (1.0.0):
    - React
  - react-native-safe-area-context (4.10.8):
    - React-Core
  - react-native-webview (13.10.5):
    - RCT-Folly (= 2021.07.22.00)
    - React-Core
  - React-NativeModulesApple (0.72.15):
    - hermes-engine
    - React-callinvoker
    - React-Core
    - React-cxxreact
    - React-jsi
    - React-runtimeexecutor
    - ReactCommon/turbomodule/bridging
    - ReactCommon/turbomodule/core
  - React-perflogger (0.72.15)
  - React-RCTActionSheet (0.72.15):
    - React-Core/RCTActionSheetHeaders (= 0.72.15)
  - React-RCTAnimation (0.72.15):
    - RCT-Folly (= 2021.07.22.00)
    - RCTTypeSafety (= 0.72.15)
    - React-Codegen (= 0.72.15)
    - React-Core/RCTAnimationHeaders (= 0.72.15)
    - React-jsi (= 0.72.15)
    - ReactCommon/turbomodule/core (= 0.72.15)
  - React-RCTAppDelegate (0.72.15):
    - RCT-Folly
    - RCTRequired
    - RCTTypeSafety
    - React-Core
    - React-CoreModules
    - React-hermes
    - React-NativeModulesApple
    - React-RCTImage
    - React-RCTNetwork
    - React-runtimescheduler
    - ReactCommon/turbomodule/core
  - React-RCTBlob (0.72.15):
    - hermes-engine
    - RCT-Folly (= 2021.07.22.00)
    - React-Codegen (= 0.72.15)
    - React-Core/RCTBlobHeaders (= 0.72.15)
    - React-Core/RCTWebSocket (= 0.72.15)
    - React-jsi (= 0.72.15)
    - React-RCTNetwork (= 0.72.15)
    - ReactCommon/turbomodule/core (= 0.72.15)
  - React-RCTImage (0.72.15):
    - RCT-Folly (= 2021.07.22.00)
    - RCTTypeSafety (= 0.72.15)
    - React-Codegen (= 0.72.15)
    - React-Core/RCTImageHeaders (= 0.72.15)
    - React-jsi (= 0.72.15)
    - React-RCTNetwork (= 0.72.15)
    - ReactCommon/turbomodule/core (= 0.72.15)
  - React-RCTLinking (0.72.15):
    - React-Codegen (= 0.72.15)
    - React-Core/RCTLinkingHeaders (= 0.72.15)
    - React-jsi (= 0.72.15)
    - ReactCommon/turbomodule/core (= 0.72.15)
  - React-RCTNetwork (0.72.15):
    - RCT-Folly (= 2021.07.22.00)
    - RCTTypeSafety (= 0.72.15)
    - React-Codegen (= 0.72.15)
    - React-Core/RCTNetworkHeaders (= 0.72.15)
    - React-jsi (= 0.72.15)
    - ReactCommon/turbomodule/core (= 0.72.15)
  - React-RCTSettings (0.72.15):
    - RCT-Folly (= 2021.07.22.00)
    - RCTTypeSafety (= 0.72.15)
    - React-Codegen (= 0.72.15)
    - React-Core/RCTSettingsHeaders (= 0.72.15)
    - React-jsi (= 0.72.15)
    - ReactCommon/turbomodule/core (= 0.72.15)
  - React-RCTText (0.72.15):
    - React-Core/RCTTextHeaders (= 0.72.15)
  - React-RCTVibration (0.72.15):
    - RCT-Folly (= 2021.07.22.00)
    - React-Codegen (= 0.72.15)
    - React-Core/RCTVibrationHeaders (= 0.72.15)
    - React-jsi (= 0.72.15)
    - ReactCommon/turbomodule/core (= 0.72.15)
  - React-rncore (0.72.15)
  - React-runtimeexecutor (0.72.15):
    - React-jsi (= 0.72.15)
  - React-runtimescheduler (0.72.15):
    - glog
    - hermes-engine
    - RCT-Folly (= 2021.07.22.00)
    - React-callinvoker
    - React-debug
    - React-jsi
    - React-runtimeexecutor
  - React-utils (0.72.15):
    - glog
    - RCT-Folly (= 2021.07.22.00)
    - React-debug
  - ReactCommon/turbomodule/bridging (0.72.15):
    - DoubleConversion
    - glog
    - hermes-engine
    - RCT-Folly (= 2021.07.22.00)
    - React-callinvoker (= 0.72.15)
    - React-cxxreact (= 0.72.15)
    - React-jsi (= 0.72.15)
    - React-logger (= 0.72.15)
    - React-perflogger (= 0.72.15)
  - ReactCommon/turbomodule/core (0.72.15):
    - DoubleConversion
    - glog
    - hermes-engine
    - RCT-Folly (= 2021.07.22.00)
    - React-callinvoker (= 0.72.15)
    - React-cxxreact (= 0.72.15)
    - React-jsi (= 0.72.15)
    - React-logger (= 0.72.15)
    - React-perflogger (= 0.72.15)
  - ReactNativeExceptionHandler (2.10.10):
    - React-Core
  - RNCAsyncStorage (1.24.0):
    - React-Core
  - RNCMaskedView (0.2.9):
    - React-Core
  - RNDateTimePicker (7.6.0):
    - React-Core
  - RNDeviceInfo (10.14.0):
    - React-Core
  - RNFBAnalytics (18.9.0):
    - Firebase/Analytics (= 10.20.0)
    - React-Core
    - RNFBApp
  - RNFBApp (18.9.0):
    - Firebase/CoreOnly (= 10.20.0)
    - React-Core
  - RNFBMessaging (18.9.0):
    - Firebase/Messaging (= 10.20.0)
    - FirebaseCoreExtension (= 10.20.0)
    - React-Core
    - RNFBApp
  - RNGestureHandler (2.17.1):
    - RCT-Folly (= 2021.07.22.00)
    - React-Core
  - RNReanimated (3.14.0):
    - RCT-Folly (= 2021.07.22.00)
    - React-Core
    - ReactCommon/turbomodule/core
  - RNScreens (3.32.0):
    - RCT-Folly (= 2021.07.22.00)
    - React-Core
    - React-RCTImage
  - RNVectorIcons (10.1.0):
    - RCT-Folly (= 2021.07.22.00)
    - React-Core
  - SocketRocket (0.6.1)
  - SSZipArchive (2.2.3)
  - Stripe (23.16.0):
    - StripeApplePay (= 23.16.0)
    - StripeCore (= 23.16.0)
    - StripePayments (= 23.16.0)
    - StripePaymentsUI (= 23.16.0)
    - StripeUICore (= 23.16.0)
  - stripe-react-native (0.33.0):
    - React-Core
    - Stripe (~> 23.16.0)
    - StripeApplePay (~> 23.16.0)
    - StripeFinancialConnections (~> 23.16.0)
    - StripePayments (~> 23.16.0)
    - StripePaymentSheet (~> 23.16.0)
    - StripePaymentsUI (~> 23.16.0)
  - StripeApplePay (23.16.0):
    - StripeCore (= 23.16.0)
  - StripeCore (23.16.0)
  - StripeFinancialConnections (23.16.0):
    - StripeCore (= 23.16.0)
    - StripeUICore (= 23.16.0)
  - StripePayments (23.16.0):
    - StripeCore (= 23.16.0)
    - StripePayments/Stripe3DS2 (= 23.16.0)
  - StripePayments/Stripe3DS2 (23.16.0):
    - StripeCore (= 23.16.0)
  - StripePaymentSheet (23.16.0):
    - StripeApplePay (= 23.16.0)
    - StripeCore (= 23.16.0)
    - StripePayments (= 23.16.0)
    - StripePaymentsUI (= 23.16.0)
  - StripePaymentsUI (23.16.0):
    - StripeCore (= 23.16.0)
    - StripePayments (= 23.16.0)
    - StripeUICore (= 23.16.0)
  - StripeUICore (23.16.0):
    - StripeCore (= 23.16.0)
  - Yoga (1.14.0)

DEPENDENCIES:
  - appcenter-analytics (from `../node_modules/appcenter-analytics`)
  - appcenter-core (from `../node_modules/appcenter`)
  - appcenter-crashes (from `../node_modules/appcenter-crashes`)
  - boost (from `../node_modules/react-native/third-party-podspecs/boost.podspec`)
  - CodePush (from `../node_modules/react-native-code-push`)
  - DoubleConversion (from `../node_modules/react-native/third-party-podspecs/DoubleConversion.podspec`)
  - FBLazyVector (from `../node_modules/react-native/Libraries/FBLazyVector`)
  - FBReactNativeSpec (from `../node_modules/react-native/React/FBReactNativeSpec`)
  - glog (from `../node_modules/react-native/third-party-podspecs/glog.podspec`)
  - hermes-engine (from `../node_modules/react-native/sdks/hermes-engine/hermes-engine.podspec`)
  - libevent (~> 2.1.12)
  - RCT-Folly (from `../node_modules/react-native/third-party-podspecs/RCT-Folly.podspec`)
  - RCTRequired (from `../node_modules/react-native/Libraries/RCTRequired`)
  - RCTTypeSafety (from `../node_modules/react-native/Libraries/TypeSafety`)
  - React (from `../node_modules/react-native/`)
  - React-callinvoker (from `../node_modules/react-native/ReactCommon/callinvoker`)
  - React-Codegen (from `build/generated/ios`)
  - React-Core (from `../node_modules/react-native/`)
  - React-Core/RCTWebSocket (from `../node_modules/react-native/`)
  - React-CoreModules (from `../node_modules/react-native/React/CoreModules`)
  - React-cxxreact (from `../node_modules/react-native/ReactCommon/cxxreact`)
  - React-debug (from `../node_modules/react-native/ReactCommon/react/debug`)
  - React-hermes (from `../node_modules/react-native/ReactCommon/hermes`)
  - React-jsi (from `../node_modules/react-native/ReactCommon/jsi`)
  - React-jsiexecutor (from `../node_modules/react-native/ReactCommon/jsiexecutor`)
  - React-jsinspector (from `../node_modules/react-native/ReactCommon/jsinspector`)
  - React-logger (from `../node_modules/react-native/ReactCommon/logger`)
  - react-native-pager-view (from `../node_modules/react-native-pager-view`)
  - react-native-restart (from `../node_modules/react-native-restart`)
  - react-native-safari-view (from `../node_modules/react-native-safari-view`)
  - react-native-safe-area-context (from `../node_modules/react-native-safe-area-context`)
  - react-native-webview (from `../node_modules/react-native-webview`)
  - React-NativeModulesApple (from `../node_modules/react-native/ReactCommon/react/nativemodule/core/platform/ios`)
  - React-perflogger (from `../node_modules/react-native/ReactCommon/reactperflogger`)
  - React-RCTActionSheet (from `../node_modules/react-native/Libraries/ActionSheetIOS`)
  - React-RCTAnimation (from `../node_modules/react-native/Libraries/NativeAnimation`)
  - React-RCTAppDelegate (from `../node_modules/react-native/Libraries/AppDelegate`)
  - React-RCTBlob (from `../node_modules/react-native/Libraries/Blob`)
  - React-RCTImage (from `../node_modules/react-native/Libraries/Image`)
  - React-RCTLinking (from `../node_modules/react-native/Libraries/LinkingIOS`)
  - React-RCTNetwork (from `../node_modules/react-native/Libraries/Network`)
  - React-RCTSettings (from `../node_modules/react-native/Libraries/Settings`)
  - React-RCTText (from `../node_modules/react-native/Libraries/Text`)
  - React-RCTVibration (from `../node_modules/react-native/Libraries/Vibration`)
  - React-rncore (from `../node_modules/react-native/ReactCommon`)
  - React-runtimeexecutor (from `../node_modules/react-native/ReactCommon/runtimeexecutor`)
  - React-runtimescheduler (from `../node_modules/react-native/ReactCommon/react/renderer/runtimescheduler`)
  - React-utils (from `../node_modules/react-native/ReactCommon/react/utils`)
  - ReactCommon/turbomodule/core (from `../node_modules/react-native/ReactCommon`)
  - ReactNativeExceptionHandler (from `../node_modules/react-native-exception-handler`)
  - "RNCAsyncStorage (from `../node_modules/@react-native-async-storage/async-storage`)"
  - "RNCMaskedView (from `../node_modules/@react-native-masked-view/masked-view`)"
  - "RNDateTimePicker (from `../node_modules/@react-native-community/datetimepicker`)"
  - RNDeviceInfo (from `../node_modules/react-native-device-info`)
  - "RNFBAnalytics (from `../node_modules/@react-native-firebase/analytics`)"
  - "RNFBApp (from `../node_modules/@react-native-firebase/app`)"
  - "RNFBMessaging (from `../node_modules/@react-native-firebase/messaging`)"
  - RNGestureHandler (from `../node_modules/react-native-gesture-handler`)
  - RNReanimated (from `../node_modules/react-native-reanimated`)
  - RNScreens (from `../node_modules/react-native-screens`)
  - RNVectorIcons (from `../node_modules/react-native-vector-icons`)
  - "stripe-react-native (from `../node_modules/@stripe/stripe-react-native`)"
  - Yoga (from `../node_modules/react-native/ReactCommon/yoga`)

SPEC REPOS:
  trunk:
    - AppCenter
    - AppCenterReactNativeShared
    - Base64
    - Firebase
    - FirebaseAnalytics
    - FirebaseCore
    - FirebaseCoreExtension
    - FirebaseCoreInternal
    - FirebaseInstallations
    - FirebaseMessaging
    - fmt
    - GoogleAppMeasurement
    - GoogleDataTransport
    - GoogleUtilities
    - JWT
    - libevent
    - nanopb
    - PromisesObjC
    - SocketRocket
    - SSZipArchive
    - Stripe
    - StripeApplePay
    - StripeCore
    - StripeFinancialConnections
    - StripePayments
    - StripePaymentSheet
    - StripePaymentsUI
    - StripeUICore

EXTERNAL SOURCES:
  appcenter-analytics:
    :path: "../node_modules/appcenter-analytics"
  appcenter-core:
    :path: "../node_modules/appcenter"
  appcenter-crashes:
    :path: "../node_modules/appcenter-crashes"
  boost:
    :podspec: "../node_modules/react-native/third-party-podspecs/boost.podspec"
  CodePush:
    :path: "../node_modules/react-native-code-push"
  DoubleConversion:
    :podspec: "../node_modules/react-native/third-party-podspecs/DoubleConversion.podspec"
  FBLazyVector:
    :path: "../node_modules/react-native/Libraries/FBLazyVector"
  FBReactNativeSpec:
    :path: "../node_modules/react-native/React/FBReactNativeSpec"
  glog:
    :podspec: "../node_modules/react-native/third-party-podspecs/glog.podspec"
  hermes-engine:
    :podspec: "../node_modules/react-native/sdks/hermes-engine/hermes-engine.podspec"
  RCT-Folly:
    :podspec: "../node_modules/react-native/third-party-podspecs/RCT-Folly.podspec"
  RCTRequired:
    :path: "../node_modules/react-native/Libraries/RCTRequired"
  RCTTypeSafety:
    :path: "../node_modules/react-native/Libraries/TypeSafety"
  React:
    :path: "../node_modules/react-native/"
  React-callinvoker:
    :path: "../node_modules/react-native/ReactCommon/callinvoker"
  React-Codegen:
    :path: build/generated/ios
  React-Core:
    :path: "../node_modules/react-native/"
  React-CoreModules:
    :path: "../node_modules/react-native/React/CoreModules"
  React-cxxreact:
    :path: "../node_modules/react-native/ReactCommon/cxxreact"
  React-debug:
    :path: "../node_modules/react-native/ReactCommon/react/debug"
  React-hermes:
    :path: "../node_modules/react-native/ReactCommon/hermes"
  React-jsi:
    :path: "../node_modules/react-native/ReactCommon/jsi"
  React-jsiexecutor:
    :path: "../node_modules/react-native/ReactCommon/jsiexecutor"
  React-jsinspector:
    :path: "../node_modules/react-native/ReactCommon/jsinspector"
  React-logger:
    :path: "../node_modules/react-native/ReactCommon/logger"
  react-native-pager-view:
    :path: "../node_modules/react-native-pager-view"
  react-native-restart:
    :path: "../node_modules/react-native-restart"
  react-native-safari-view:
    :path: "../node_modules/react-native-safari-view"
  react-native-safe-area-context:
    :path: "../node_modules/react-native-safe-area-context"
  react-native-webview:
    :path: "../node_modules/react-native-webview"
  React-NativeModulesApple:
    :path: "../node_modules/react-native/ReactCommon/react/nativemodule/core/platform/ios"
  React-perflogger:
    :path: "../node_modules/react-native/ReactCommon/reactperflogger"
  React-RCTActionSheet:
    :path: "../node_modules/react-native/Libraries/ActionSheetIOS"
  React-RCTAnimation:
    :path: "../node_modules/react-native/Libraries/NativeAnimation"
  React-RCTAppDelegate:
    :path: "../node_modules/react-native/Libraries/AppDelegate"
  React-RCTBlob:
    :path: "../node_modules/react-native/Libraries/Blob"
  React-RCTImage:
    :path: "../node_modules/react-native/Libraries/Image"
  React-RCTLinking:
    :path: "../node_modules/react-native/Libraries/LinkingIOS"
  React-RCTNetwork:
    :path: "../node_modules/react-native/Libraries/Network"
  React-RCTSettings:
    :path: "../node_modules/react-native/Libraries/Settings"
  React-RCTText:
    :path: "../node_modules/react-native/Libraries/Text"
  React-RCTVibration:
    :path: "../node_modules/react-native/Libraries/Vibration"
  React-rncore:
    :path: "../node_modules/react-native/ReactCommon"
  React-runtimeexecutor:
    :path: "../node_modules/react-native/ReactCommon/runtimeexecutor"
  React-runtimescheduler:
    :path: "../node_modules/react-native/ReactCommon/react/renderer/runtimescheduler"
  React-utils:
    :path: "../node_modules/react-native/ReactCommon/react/utils"
  ReactCommon:
    :path: "../node_modules/react-native/ReactCommon"
  ReactNativeExceptionHandler:
    :path: "../node_modules/react-native-exception-handler"
  RNCAsyncStorage:
    :path: "../node_modules/@react-native-async-storage/async-storage"
  RNCMaskedView:
    :path: "../node_modules/@react-native-masked-view/masked-view"
  RNDateTimePicker:
    :path: "../node_modules/@react-native-community/datetimepicker"
  RNDeviceInfo:
    :path: "../node_modules/react-native-device-info"
  RNFBAnalytics:
    :path: "../node_modules/@react-native-firebase/analytics"
  RNFBApp:
    :path: "../node_modules/@react-native-firebase/app"
  RNFBMessaging:
    :path: "../node_modules/@react-native-firebase/messaging"
  RNGestureHandler:
    :path: "../node_modules/react-native-gesture-handler"
  RNReanimated:
    :path: "../node_modules/react-native-reanimated"
  RNScreens:
    :path: "../node_modules/react-native-screens"
  RNVectorIcons:
    :path: "../node_modules/react-native-vector-icons"
  stripe-react-native:
    :path: "../node_modules/@stripe/stripe-react-native"
  Yoga:
    :path: "../node_modules/react-native/ReactCommon/yoga"

SPEC CHECKSUMS:
  AppCenter: 85c92db0759d2792a65eb61d6842d2e86611a49a
  appcenter-analytics: b3a60e025b8db7013a71053c1ced96bcf7acba75
  appcenter-core: 53cc7b5d9a2cdd6a484cae8e50977bab91e0780e
  appcenter-crashes: 9cb825ee8f89715a1b0a7164a71fc8c582b0e796
  AppCenterReactNativeShared: 22aea9046e80c449137f4e574ae1f229616e2358
  Base64: cecfb41a004124895a7bcee567a89bae5a89d49b
  boost: 7dcd2de282d72e344012f7d6564d024930a6a440
  CodePush: 8c28cdffd7fe685351cce700c8a86d672d433161
  DoubleConversion: 5189b271737e1565bdce30deb4a08d647e3f5f54
  FBLazyVector: 25cbffbaec517695d376ab4bc428948cd0f08088
  FBReactNativeSpec: e03b22fbf7017a6f76641ea4472e73c915dcdda7
  Firebase: 10c8cb12fb7ad2ae0c09ffc86cd9c1ab392a0031
  FirebaseAnalytics: a2731bf3670747ce8f65368b118d18aa8e368246
  FirebaseCore: 28045c1560a2600d284b9c45a904fe322dc890b6
  FirebaseCoreExtension: 0659f035b88c5a7a15a9763c48c2e6ca8c0a2977
  FirebaseCoreInternal: 58d07f1362fddeb0feb6a857d1d1d1c5e558e698
  FirebaseInstallations: 60c1d3bc1beef809fd1ad1189a8057a040c59f2e
  FirebaseMessaging: 06c414a21b122396a26847c523d5c370f8325df5
  fmt: ff9d55029c625d3757ed641535fd4a75fedc7ce9
  glog: 04b94705f318337d7ead9e6d17c019bd9b1f6b1b
  GoogleAppMeasurement: bb3c564c3efb933136af0e94899e0a46167466a8
  GoogleDataTransport: 6c09b596d841063d76d4288cc2d2f42cc36e1e2a
  GoogleUtilities: ea963c370a38a8069cc5f7ba4ca849a60b6d7d15
  hermes-engine: 5b340c6a5affbf3aba22185be41563bbb2426654
  JWT: ef71dfb03e1f842081e64dc42eef0e164f35d251
  libevent: 4049cae6c81cdb3654a443be001fb9bdceff7913
  nanopb: d4d75c12cd1316f4a64e3c6963f879ecd4b5e0d5
  PromisesObjC: f5707f49cb48b9636751c5b2e7d227e43fba9f47
  RCT-Folly: 424b8c9a7a0b9ab2886ffe9c3b041ef628fd4fb1
  RCTRequired: fb207f74935626041e7308c9e88dcdda680f1073
  RCTTypeSafety: 146fd11361680250b7580dd1f7f601995cfad1b1
  React: f3712351445cc96ba507425675a0cd8d31321d0c
  React-callinvoker: dcc51a66e02d20a70aeca2abbb1388d4d3011bf8
  React-Codegen: 3f518318a055c69ea70ac02ca112731b6a57ea9a
  React-Core: c74a1ddd76b14653cbf4f70d6d4754d14921ebaa
  React-CoreModules: 8f51cf66f7d25d7d1bd009168df709e81b6ac155
  React-cxxreact: 2150e05cdd30c815c1bf27f41062cd33832ffe31
  React-debug: 90b3e19503fd156170027d2d5bf93880f968c920
  React-hermes: 1ed296db543b7fdb01916a8e56255fcea0758264
  React-jsi: af5a8eaca28d67822fb14c648486d40737d2d2ab
  React-jsiexecutor: d3eef5ddc78eeb9f0d02bed657a7f41d4910b966
  React-jsinspector: b86a8abae760c28d69366bbc1d991561e51341ed
  React-logger: ed7c9e01e58529065e7da6bf8318baf15024283e
  react-native-pager-view: d625c9d3dd596a42765960648ae3bd3067bc198e
  react-native-restart: 7595693413fe3ca15893702f2c8306c62a708162
  react-native-safari-view: 955d7160d159241b8e9395d12d10ea0ef863dcdd
  react-native-safe-area-context: b7daa1a8df36095a032dff095a1ea8963cb48371
  react-native-webview: 3a96de61dfdbbf8fe842cbd0a5533a1c8498500e
  React-NativeModulesApple: a2c783eea2b9354534d6e991669d5051435b51db
  React-perflogger: 6acc671f527e69c0cd93b8e62821d33d3ddf25ca
  React-RCTActionSheet: 569bb9db46d85565d14697e15ecf2166e035eb07
  React-RCTAnimation: fdf4c2ebb36ec54c30549c8ac271e5fbea10fe41
  React-RCTAppDelegate: fde369aa61c48b28fac14145bc4880e286aa2b0d
  React-RCTBlob: d418809ccda6ecbfc82a57bd9bb0fba7a38c1d19
  React-RCTImage: c0c941121b5a423d44ab8e5426fd871d50a9c6b6
  React-RCTLinking: 620e07dc9217af617e4540bfe6e851bde0070700
  React-RCTNetwork: e20e521de2ada7a3ab3777de28093cdc940d6b63
  React-RCTSettings: 798d8ef921b31be0cce32d39064c7839f231d069
  React-RCTText: 82562208357b11285ffa8d7b33a9d769612a8101
  React-RCTVibration: 1385c17d7b75f68b9567b96869f16d79aff002e7
  React-rncore: ec681c42589abf33de39a8b3487463fac7649099
  React-runtimeexecutor: d4f7ff5073fcf87e14dbf89541d434218630246e
  React-runtimescheduler: 27262b26bc4d020f47fe34bf7bb0eb498164d9eb
  React-utils: a2dfc4c77bb4f7fe4080219a82ace8929f334b1a
  ReactCommon: 69acb76221a4c9d1b5740821ee1f0df89068fd6d
  ReactNativeExceptionHandler: b11ff67c78802b2f62eed0e10e75cb1ef7947c60
  RNCAsyncStorage: ec53e44dc3e75b44aa2a9f37618a49c3bc080a7a
  RNCMaskedView: 949696f25ec596bfc697fc88e6f95cf0c79669b6
  RNDateTimePicker: ccd988deb223cbb2e669e157ec576c2c6217128c
  RNDeviceInfo: 59344c19152c4b2b32283005f9737c5c64b42fba
  RNFBAnalytics: c79cf8da7d0bbbad0e0cc233402d2cadc4a694b9
  RNFBApp: a3e139715386fe79a09c387f2dbeb6890eb05b39
  RNFBMessaging: a65862d8eba03cb6c838241bd328166504996894
  RNGestureHandler: 669a19ea8d0002e27873bd636e4a93cb240cab02
  RNReanimated: 749c2be0500c4a17b25139af2d1a6111ddb7137e
  RNScreens: 63bef6a0e43add62eaa82d2e4ee753d89f3bc42d
  RNVectorIcons: 82be274d00be231e5eee45f7c73d4a516aed50ab
  SocketRocket: f32cd54efbe0f095c4d7594881e52619cfe80b17
  SSZipArchive: 62d4947b08730e4cda640473b0066d209ff033c9
  Stripe: fcab417424a45d995aa1e62a39bc942233b61ba3
  stripe-react-native: fb59ade94b226d967c0473346985ee04a976e078
  StripeApplePay: 81de266a964b3ad02fb25e8b22fd8c235d2916a8
  StripeCore: ac141047bca25f5ae945a1cbdd00a90b0d08c616
  StripeFinancialConnections: d7a452e4bed1195d8978ee4f6c0ba2f82c89fdf4
  StripePayments: 5804cb9b02cca488042e5cf8cf57a86a5080006b
  StripePaymentSheet: 06ea6bbf49be869769c46bf31be4fbc3e23b5b19
  StripePaymentsUI: 24a0349ae8c7e8c7402086703720fe06c52ddea0
  StripeUICore: ce85e040a22bf0335061d14973d37757528b3d2d
  Yoga: 6f5ab94cd8b1ecd04b6e973d0bc583ede2a598cc

PODFILE CHECKSUM: e96e6349a154af3fd7ee72779ee7ab9ac87f3752

COCOAPODS: 1.15.2